version: 6
environments:
  default:
    channels:
    - url: https://conda.anaconda.org/conda-forge/
    packages:
      osx-64:
      - conda: https://conda.anaconda.org/conda-forge/osx-64/aiohttp-3.9.1-py312h41838bb_0.conda
      - conda: https://conda.anaconda.org/conda-forge/noarch/aiosignal-1.3.1-pyhd8ed1ab_0.tar.bz2
      - conda: https://conda.anaconda.org/conda-forge/noarch/annotated-types-0.6.0-pyhd8ed1ab_0.conda
      - conda: https://conda.anaconda.org/conda-forge/noarch/attrs-23.2.0-pyh71513ae_0.conda
      - conda: https://conda.anaconda.org/conda-forge/noarch/autoregistry-1.1.2-pyhd8ed1ab_0.conda
      - conda: https://conda.anaconda.org/conda-forge/noarch/belay-0.28.0-pyhcf101f3_0.conda
      - conda: https://conda.anaconda.org/conda-forge/osx-64/brotli-python-1.1.0-py312heafc425_1.conda
      - conda: https://conda.anaconda.org/conda-forge/osx-64/bzip2-1.0.8-h10d778d_5.conda
      - conda: https://conda.anaconda.org/conda-forge/osx-64/ca-certificates-2024.2.2-h8857fd0_0.conda
      - conda: https://conda.anaconda.org/conda-forge/noarch/certifi-2024.2.2-pyhd8ed1ab_0.conda
      - conda: https://conda.anaconda.org/conda-forge/noarch/charset-normalizer-3.3.2-pyhd8ed1ab_0.conda
      - conda: https://conda.anaconda.org/conda-forge/noarch/click-8.1.7-unix_pyh707e725_0.conda
      - conda: https://conda.anaconda.org/conda-forge/noarch/colorama-0.4.6-pyhd8ed1ab_0.tar.bz2
      - conda: https://conda.anaconda.org/conda-forge/noarch/commonmark-0.9.1-py_0.tar.bz2
      - conda: https://conda.anaconda.org/conda-forge/noarch/dataclasses-0.8-pyhc8e2a94_3.tar.bz2
      - conda: https://conda.anaconda.org/conda-forge/osx-64/frozenlist-1.4.1-py312h41838bb_0.conda
      - conda: https://conda.anaconda.org/conda-forge/noarch/fsspec-2024.2.0-pyhca7485f_0.conda
      - conda: https://conda.anaconda.org/conda-forge/noarch/future-0.18.3-pyhd8ed1ab_0.conda
      - conda: https://conda.anaconda.org/conda-forge/noarch/gitdb-4.0.11-pyhd8ed1ab_0.conda
      - conda: https://conda.anaconda.org/conda-forge/noarch/gitpython-3.1.41-pyhd8ed1ab_0.conda
      - conda: https://conda.anaconda.org/conda-forge/noarch/idna-3.6-pyhd8ed1ab_0.conda
      - conda: https://conda.anaconda.org/conda-forge/noarch/importlib_resources-6.1.1-pyhd8ed1ab_0.conda
      - conda: https://conda.anaconda.org/conda-forge/osx-64/libcxx-16.0.6-hd57cbcb_0.conda
      - conda: https://conda.anaconda.org/conda-forge/osx-64/libexpat-2.5.0-hf0c8a7f_1.conda
      - conda: https://conda.anaconda.org/conda-forge/osx-64/libffi-3.4.2-h0d85af4_5.tar.bz2
      - conda: https://conda.anaconda.org/conda-forge/osx-64/libsqlite-3.45.1-h92b6c6a_0.conda
      - conda: https://conda.anaconda.org/conda-forge/osx-64/libzlib-1.2.13-h8a1eda9_5.conda
      - conda: https://conda.anaconda.org/conda-forge/osx-64/multidict-6.0.5-py312h97956c7_0.conda
      - conda: https://conda.anaconda.org/conda-forge/osx-64/ncurses-6.4-h93d8f39_2.conda
      - conda: https://conda.anaconda.org/conda-forge/osx-64/openssl-3.2.1-hd75f5a5_0.conda
      - conda: https://conda.anaconda.org/conda-forge/noarch/packaging-23.2-pyhd8ed1ab_0.conda
      - conda: https://conda.anaconda.org/conda-forge/noarch/pathspec-0.12.1-pyhd8ed1ab_0.conda
      - conda: https://conda.anaconda.org/conda-forge/noarch/prompt-toolkit-3.0.36-pyha770c72_0.conda
      - conda: https://conda.anaconda.org/conda-forge/noarch/prompt_toolkit-3.0.36-hd8ed1ab_0.conda
      - conda: https://conda.anaconda.org/conda-forge/noarch/pydantic-2.6.1-pyhd8ed1ab_0.conda
      - conda: https://conda.anaconda.org/conda-forge/osx-64/pydantic-core-2.16.2-py312h1b0e595_1.conda
      - conda: https://conda.anaconda.org/conda-forge/noarch/pygments-2.17.2-pyhd8ed1ab_0.conda
      - conda: https://conda.anaconda.org/conda-forge/noarch/pyserial-3.5-pyhd8ed1ab_0.tar.bz2
      - conda: https://conda.anaconda.org/conda-forge/noarch/pysocks-1.7.1-pyha2e5f31_6.tar.bz2
      - conda: https://conda.anaconda.org/conda-forge/osx-64/python-3.12.1-h9f0c242_1_cpython.conda
      - conda: https://conda.anaconda.org/conda-forge/osx-64/python_abi-3.12-4_cp312.conda
      - conda: https://conda.anaconda.org/conda-forge/noarch/questionary-2.0.1-pyhd8ed1ab_1.conda
      - conda: https://conda.anaconda.org/conda-forge/osx-64/readline-8.2-h9e318b2_1.conda
      - conda: https://conda.anaconda.org/conda-forge/noarch/requests-2.31.0-pyhd8ed1ab_0.conda
      - conda: https://conda.anaconda.org/conda-forge/noarch/rich-12.6.0-pyhd8ed1ab_0.tar.bz2
      - conda: https://conda.anaconda.org/conda-forge/noarch/shellingham-1.5.4-pyhd8ed1ab_0.conda
      - conda: https://conda.anaconda.org/conda-forge/noarch/smmap-5.0.0-pyhd8ed1ab_0.tar.bz2
      - conda: https://conda.anaconda.org/conda-forge/osx-64/tk-8.6.13-h1abcd95_1.conda
      - conda: https://conda.anaconda.org/conda-forge/noarch/tomli-2.0.1-pyhd8ed1ab_0.tar.bz2
      - conda: https://conda.anaconda.org/conda-forge/noarch/typer-0.9.0-pyhd8ed1ab_0.conda
      - conda: https://conda.anaconda.org/conda-forge/noarch/typing-extensions-4.9.0-hd8ed1ab_0.conda
      - conda: https://conda.anaconda.org/conda-forge/noarch/typing_extensions-4.9.0-pyha770c72_0.conda
      - conda: https://conda.anaconda.org/conda-forge/noarch/tzdata-2024a-h0c530f3_0.conda
      - conda: https://conda.anaconda.org/conda-forge/noarch/urllib3-2.2.0-pyhd8ed1ab_0.conda
      - conda: https://conda.anaconda.org/conda-forge/noarch/wcwidth-0.2.13-pyhd8ed1ab_0.conda
      - conda: https://conda.anaconda.org/conda-forge/osx-64/xz-5.2.6-h775f41a_0.tar.bz2
      - conda: https://conda.anaconda.org/conda-forge/osx-64/yarl-1.9.4-py312h41838bb_0.conda
      - conda: https://conda.anaconda.org/conda-forge/noarch/zipp-3.17.0-pyhd8ed1ab_0.conda
packages:
- conda: https://conda.anaconda.org/conda-forge/osx-64/aiohttp-3.9.1-py312h41838bb_0.conda
  sha256: af496b4c5229332cda0908bcd20f71c6a75d2939b200e7ad3daafc056d542d42
  md5: 858c2f078e4eff6996827e033c9c46a1
  depends:
  - aiosignal >=1.1.2
  - attrs >=17.3.0
  - frozenlist >=1.1.1
  - multidict >=4.5,<7.0
  - python >=3.12,<3.13.0a0
  - python_abi 3.12.* *_cp312
  - yarl >=1.0,<2.0
  license: MIT AND Apache-2.0
  license_family: Apache
  size: 765589
  timestamp: 1701100058933
- conda: https://conda.anaconda.org/conda-forge/noarch/aiosignal-1.3.1-pyhd8ed1ab_0.tar.bz2
  subdir: osx-64
  sha256: 575c742e14c86575986dc867463582a970463da50b77264cdf54df74f5563783
  md5: d1e1eb7e21a9e2c74279d87dafb68156
  depends:
  - frozenlist >=1.1.0
  - python >=3.7
  license: Apache-2.0
  license_family: APACHE
  size: 12730
  timestamp: 1667935912504
- conda: https://conda.anaconda.org/conda-forge/noarch/annotated-types-0.6.0-pyhd8ed1ab_0.conda
  subdir: osx-64
  sha256: 3a2c98154d95cfd54daba6b7d507d31f5ba07ac2ad955c44eb041b66563193cd
  md5: 997c29372bdbe2afee073dff71f35923
  depends:
  - python >=3.7
  - typing-extensions >=4.0.0
  license: MIT
  license_family: MIT
  size: 17026
  timestamp: 1696634393637
- conda: https://conda.anaconda.org/conda-forge/noarch/attrs-23.2.0-pyh71513ae_0.conda
  subdir: osx-64
  sha256: 77c7d03bdb243a048fff398cedc74327b7dc79169ebe3b4c8448b0331ea55fea
  md5: 5e4c0743c70186509d1412e03c2d8dfa
  depends:
  - python >=3.7
  license: MIT
  license_family: MIT
  size: 54582
  timestamp: 1704011393776
- conda: https://conda.anaconda.org/conda-forge/noarch/autoregistry-1.1.2-pyhd8ed1ab_0.conda
  subdir: osx-64
  sha256: 088a7f911846590037a0763e055c6e6272de0022b463889489b9cc30f1ba467b
  md5: c626f23bf072ef3a51ab6ff373d041a8
  depends:
  - python >=3.8
  license: Apache-2.0
  license_family: APACHE
  size: 18882
  timestamp: 1701270911917
- conda: https://conda.anaconda.org/conda-forge/noarch/belay-0.28.0-pyhcf101f3_0.conda
  sha256: 9b310fac86d75aada11429cb2d1dfa197d64da080c5b0f5e5c42455f56cb4b80
  md5: b86b7fe995b28da9aacbfd3333139231
  depends:
  - python >=3.10
  - pyserial >=3.1
  - typer >=0.6.0
  - pathspec >=0.10.3
  - tomli >=2.0.1
  - autoregistry >=0.10.1
  - fsspec >=2022.11.0
  - requests >=2.28.1
  - gitpython >=3.1.30
  - pydantic >=1.10.4
  - typing-extensions >=4.5.0
  - questionary >=2.0.0
  - packaging >=20.4
  - importlib_resources >=3.0.0
  - attrs >=21.0.0
  - colorama >=0.4.3,<0.5.0
  - rich >=10.11.0,<13.0.0
  - shellingham >=1.3.0,<2.0.0
  - aiohttp !=4.0.0a0,!=4.0.0a1
  - prompt_toolkit <=3.0.36,>=2.0
  - python
  license: Apache-2.0
  license_family: APACHE
  size: 76962
  timestamp: 1758313271757
- conda: https://conda.anaconda.org/conda-forge/osx-64/brotli-python-1.1.0-py312heafc425_1.conda
  sha256: fc55988f9bc05a938ea4b8c20d6545bed6e9c6c10aa5147695f981136ca894c1
  md5: a288b88f06b8bfe0dedaf5c4b6ac6b7a
  depends:
  - libcxx >=15.0.7
  - python >=3.12.0rc3,<3.13.0a0
  - python_abi 3.12.* *_cp312
  constrains:
  - libbrotlicommon 1.1.0 h0dc2134_1
  license: MIT
  license_family: MIT
  size: 366883
  timestamp: 1695990710194
- conda: https://conda.anaconda.org/conda-forge/osx-64/bzip2-1.0.8-h10d778d_5.conda
  sha256: 61fb2b488928a54d9472113e1280b468a309561caa54f33825a3593da390b242
  md5: 6097a6ca9ada32699b5fc4312dd6ef18
  license: bzip2-1.0.6
  license_family: BSD
  size: 127885
  timestamp: 1699280178474
- conda: https://conda.anaconda.org/conda-forge/osx-64/ca-certificates-2024.2.2-h8857fd0_0.conda
  sha256: 54a794aedbb4796afeabdf54287b06b1d27f7b13b3814520925f4c2c80f58ca9
  md5: f2eacee8c33c43692f1ccfd33d0f50b1
  license: ISC
  size: 155665
  timestamp: 1706843838227
- conda: https://conda.anaconda.org/conda-forge/noarch/certifi-2024.2.2-pyhd8ed1ab_0.conda
  subdir: osx-64
  sha256: f1faca020f988696e6b6ee47c82524c7806380b37cfdd1def32f92c326caca54
  md5: 0876280e409658fc6f9e75d035960333
  depends:
  - python >=3.7
  license: ISC
  size: 160559
  timestamp: 1707022289175
- conda: https://conda.anaconda.org/conda-forge/noarch/charset-normalizer-3.3.2-pyhd8ed1ab_0.conda
  subdir: osx-64
  sha256: 20cae47d31fdd58d99c4d2e65fbdcefa0b0de0c84e455ba9d6356a4bdbc4b5b9
  md5: 7f4a9e3fcff3f6356ae99244a014da6a
  depends:
  - python >=3.7
  license: MIT
  license_family: MIT
  size: 46597
  timestamp: 1698833765762
- conda: https://conda.anaconda.org/conda-forge/noarch/click-8.1.7-unix_pyh707e725_0.conda
  subdir: osx-64
  sha256: f0016cbab6ac4138a429e28dbcb904a90305b34b3fe41a9b89d697c90401caec
  md5: f3ad426304898027fc619827ff428eca
  depends:
  - __unix
  - python >=3.8
  license: BSD-3-Clause
  license_family: BSD
  size: 84437
  timestamp: 1692311973840
- conda: https://conda.anaconda.org/conda-forge/noarch/colorama-0.4.6-pyhd8ed1ab_0.tar.bz2
  subdir: osx-64
  sha256: 2c1b2e9755ce3102bca8d69e8f26e4f087ece73f50418186aee7c74bef8e1698
  md5: 3faab06a954c2a04039983f2c4a50d99
  depends:
  - python >=3.7
  license: BSD-3-Clause
  license_family: BSD
  size: 25170
  timestamp: 1666700778190
- conda: https://conda.anaconda.org/conda-forge/noarch/commonmark-0.9.1-py_0.tar.bz2
  subdir: osx-64
  sha256: 10577f82bafd5d37f0c3f2122272d0dc1f2d133655c2bdd1a3cd5f910d0bd4c5
  md5: 6aa0173c14befcd577ded130cf6f22f5
  depends:
  - future >=0.14.0
  - python
  license: BSD 3-Clause
  license_family: BSD
  size: 47354
  timestamp: 1570221752112
- conda: https://conda.anaconda.org/conda-forge/noarch/dataclasses-0.8-pyhc8e2a94_3.tar.bz2
  subdir: osx-64
  sha256: 63a83e62e0939bc1ab32de4ec736f6403084198c4639638b354a352113809c92
  md5: a362b2124b06aad102e2ee4581acee7d
  depends:
  - python >=3.7
  license: Apache-2.0
  license_family: APACHE
  size: 9870
  timestamp: 1628958582931
- conda: https://conda.anaconda.org/conda-forge/osx-64/frozenlist-1.4.1-py312h41838bb_0.conda
  sha256: 0b8160b6cbfb92a63afee33640ea4e8174e8f6374b1baa55086b0f50d9477c64
  md5: 2057c85ac7062a3acf8a66af2523e6bf
  depends:
  - python >=3.12,<3.13.0a0
  - python_abi 3.12.* *_cp312
  license: Apache-2.0
  license_family: APACHE
  size: 53108
  timestamp: 1702646114976
- conda: https://conda.anaconda.org/conda-forge/noarch/fsspec-2024.2.0-pyhca7485f_0.conda
  subdir: osx-64
  sha256: 3f7e123dd82fe99450d1e0ffa389e8218ef8c9ee257c836e21b489548c039ae6
  md5: fad86b90138cf5d82c6f5a2ed6e683d9
  depends:
  - python >=3.8
  license: BSD-3-Clause
  license_family: BSD
  size: 128662
  timestamp: 1707102616711
- conda: https://conda.anaconda.org/conda-forge/noarch/future-0.18.3-pyhd8ed1ab_0.conda
  subdir: osx-64
  sha256: b3d34bf4924cb80363c1ab57ac821393f118ffaa94f05368bf4044941163b65e
  md5: fec8329fc739090f26a7d7803db254f1
  depends:
  - python >=3.8
  license: MIT
  license_family: MIT
  size: 365520
  timestamp: 1673596757510
- conda: https://conda.anaconda.org/conda-forge/noarch/gitdb-4.0.11-pyhd8ed1ab_0.conda
  subdir: osx-64
  sha256: 52ab2798be31b8f509eeec458712f447ced4f96ecb672c6c9a42778f47e07b1b
  md5: 623b19f616f2ca0c261441067e18ae40
  depends:
  - python >=3.7
  - smmap >=3.0.1,<6
  license: BSD-3-Clause
  license_family: BSD
  size: 52872
  timestamp: 1697791718749
- conda: https://conda.anaconda.org/conda-forge/noarch/gitpython-3.1.41-pyhd8ed1ab_0.conda
  subdir: osx-64
  sha256: cf3c45156feec1fe8adfd3552ed70f4218e9771643cca8dd2673bca9dea04c9c
  md5: 84874a90c312088f7b5e63402fc44a58
  depends:
  - gitdb >=4.0.1,<5
  - python >=3.7
  - typing_extensions >=3.7.4.3
  license: BSD-3-Clause
  license_family: BSD
  size: 150528
  timestamp: 1704911329345
- conda: https://conda.anaconda.org/conda-forge/noarch/idna-3.6-pyhd8ed1ab_0.conda
  subdir: osx-64
  sha256: 6ee4c986d69ce61e60a20b2459b6f2027baeba153f0a64995fd3cb47c2cc7e07
  md5: 1a76f09108576397c41c0b0c5bd84134
  depends:
  - python >=3.6
  license: BSD-3-Clause
  license_family: BSD
  size: 50124
  timestamp: 1701027126206
- conda: https://conda.anaconda.org/conda-forge/noarch/importlib_resources-6.1.1-pyhd8ed1ab_0.conda
  subdir: osx-64
  sha256: e584f9ae08fb2d242af0ce7e19e3cd2f85f362d8523119e08f99edb962db99ed
  md5: 3d5fa25cf42f3f32a12b2d874ace8574
  depends:
  - python >=3.8
  - zipp >=3.1.0
  constrains:
  - importlib-resources >=6.1.1,<6.1.2.0a0
  license: Apache-2.0
  license_family: APACHE
  size: 29951
  timestamp: 1699364734111
- conda: https://conda.anaconda.org/conda-forge/osx-64/libcxx-16.0.6-hd57cbcb_0.conda
  sha256: 9063271847cf05f3a6cc6cae3e7f0ced032ab5f3a3c9d3f943f876f39c5c2549
  md5: 7d6972792161077908b62971802f289a
  license: Apache-2.0 WITH LLVM-exception
  license_family: Apache
  size: 1142172
  timestamp: 1686896907750
- conda: https://conda.anaconda.org/conda-forge/osx-64/libexpat-2.5.0-hf0c8a7f_1.conda
  sha256: 80024bd9f44d096c4cc07fb2bac76b5f1f7553390112dab3ad6acb16a05f0b96
  md5: 6c81cb022780ee33435cca0127dd43c9
  constrains:
  - expat 2.5.0.*
  license: MIT
  license_family: MIT
  size: 69602
  timestamp: 1680191040160
- conda: https://conda.anaconda.org/conda-forge/osx-64/libffi-3.4.2-h0d85af4_5.tar.bz2
  sha256: 7a2d27a936ceee6942ea4d397f9c7d136f12549d86f7617e8b6bad51e01a941f
  md5: ccb34fb14960ad8b125962d3d79b31a9
  license: MIT
  license_family: MIT
  size: 51348
  timestamp: 1636488394370
- conda: https://conda.anaconda.org/conda-forge/osx-64/libsqlite-3.45.1-h92b6c6a_0.conda
  sha256: d65ce7093ecf5884b241a5ca8d26f80d21eaebf14ca67923b50c249f47a84cf9
  md5: e451d14a5412cdc68be50493df251f55
  depends:
  - libzlib >=1.2.13,<1.3.0a0
  license: Unlicense
  size: 902313
  timestamp: 1707495366004
- conda: https://conda.anaconda.org/conda-forge/osx-64/libzlib-1.2.13-h8a1eda9_5.conda
  sha256: fc58ad7f47ffea10df1f2165369978fba0a1cc32594aad778f5eec725f334867
  md5: 4a3ad23f6e16f99c04e166767193d700
  constrains:
  - zlib 1.2.13 *_5
  license: Zlib
  license_family: Other
  size: 59404
  timestamp: 1686575566695
- conda: https://conda.anaconda.org/conda-forge/osx-64/multidict-6.0.5-py312h97956c7_0.conda
  sha256: fe408d289a8e39d0a2a2e590d03421e1f7dd83e2936297bd3f5c43a6ee86f458
  md5: 4b6f7537d79a75053c8fd79cb5bc5f13
  depends:
  - python >=3.12,<3.13.0a0
  - python_abi 3.12.* *_cp312
  license: Apache-2.0
  license_family: APACHE
  size: 54796
  timestamp: 1707040990013
- conda: https://conda.anaconda.org/conda-forge/osx-64/ncurses-6.4-h93d8f39_2.conda
  sha256: ea0fca66bbb52a1ef0687d466518fe120b5f279684effd6fd336a7b0dddc423a
  md5: e58f366bd4d767e9ab97ab8b272e7670
  depends:
  - __osx >=10.9
  license: X11 AND BSD-3-Clause
  size: 822031
  timestamp: 1698751567986
- conda: https://conda.anaconda.org/conda-forge/osx-64/openssl-3.2.1-hd75f5a5_0.conda
  sha256: 20c1b1a34a1831c24d37ed1500ca07300171184af0c66598f3c5ca901634d713
  md5: 3033be9a59fd744172b03971b9ccd081
  depends:
  - ca-certificates
  constrains:
  - pyopenssl >=22.1
  license: Apache-2.0
  license_family: Apache
  size: 2509168
  timestamp: 1706636810736
- conda: https://conda.anaconda.org/conda-forge/noarch/packaging-23.2-pyhd8ed1ab_0.conda
  subdir: osx-64
  sha256: 69b3ace6cca2dab9047b2c24926077d81d236bef45329d264b394001e3c3e52f
  md5: 79002079284aa895f883c6b7f3f88fd6
  depends:
  - python >=3.7
  license: Apache-2.0
  license_family: APACHE
  size: 49452
  timestamp: 1696202521121
- conda: https://conda.anaconda.org/conda-forge/noarch/pathspec-0.12.1-pyhd8ed1ab_0.conda
  subdir: osx-64
  sha256: 4e534e66bfe8b1e035d2169d0e5b185450546b17e36764272863e22e0370be4d
  md5: 17064acba08d3686f1135b5ec1b32b12
  depends:
  - python >=3.7
  license: MPL-2.0
  license_family: MOZILLA
  size: 41173
  timestamp: 1702250135032
- conda: https://conda.anaconda.org/conda-forge/noarch/prompt-toolkit-3.0.36-pyha770c72_0.conda
  subdir: osx-64
  sha256: 6bd3626799c9467d7aa8ed5f95043e4cea614a1329580980ddcf40cfed3ee860
  md5: 4d79ec192e0bfd530a254006d123b9a6
  depends:
  - python >=3.6
  - wcwidth
  constrains:
  - prompt_toolkit 3.0.36
  license: BSD-3-Clause
  license_family: BSD
  size: 271530
  timestamp: 1670414885944
- conda: https://conda.anaconda.org/conda-forge/noarch/prompt_toolkit-3.0.36-hd8ed1ab_0.conda
  subdir: osx-64
  sha256: 8685763bf7b3299be8b1e6fccad1282217733c8fcf1d682397323e2e08a00a68
  md5: 482c15eb65dde2f899c4d68eaa938b1d
  depends:
  - prompt-toolkit >=3.0.36,<3.0.37.0a0
  license: BSD-3-Clause
  license_family: BSD
  size: 6372
  timestamp: 1670414891579
- conda: https://conda.anaconda.org/conda-forge/noarch/pydantic-2.6.1-pyhd8ed1ab_0.conda
  subdir: osx-64
  sha256: 27083637287bb08a93e28616b5030f5eab31deb83d16fc132901ada987a62cfa
  md5: 3b1698c91820d852d802fc21471f52d8
  depends:
  - annotated-types >=0.4.0
  - pydantic-core 2.16.2
  - python >=3.7
  - typing-extensions >=4.6.1
  license: MIT
  license_family: MIT
  size: 271768
  timestamp: 1707149490082
- conda: https://conda.anaconda.org/conda-forge/osx-64/pydantic-core-2.16.2-py312h1b0e595_1.conda
  sha256: 1b593d58d62fbb439557eb1d655da101ef9c6cebff5797652be7b8f339977676
  md5: 44d3afa68a95a7ee3d2ef1dbce2666b1
  depends:
  - python >=3.12,<3.13.0a0
  - python_abi 3.12.* *_cp312
  - typing-extensions >=4.6.0,!=4.7.0
  constrains:
  - __osx >=10.12
  license: MIT
  license_family: MIT
  size: 1576854
  timestamp: 1707302703705
- conda: https://conda.anaconda.org/conda-forge/noarch/pygments-2.17.2-pyhd8ed1ab_0.conda
  subdir: osx-64
  sha256: af5f8867450dc292f98ea387d4d8945fc574284677c8f60eaa9846ede7387257
  md5: 140a7f159396547e9799aa98f9f0742e
  depends:
  - python >=3.7
  license: BSD-2-Clause
  license_family: BSD
  size: 860425
  timestamp: 1700608076927
- conda: https://conda.anaconda.org/conda-forge/noarch/pyserial-3.5-pyhd8ed1ab_0.tar.bz2
  subdir: osx-64
  sha256: 8f2cae847359a42b2d702537816fe307d0cf2d810fc93af4361d3e7d4b54cf14
  md5: 55909727c94d1cb82fed1ee41ddd8423
  depends:
  - python >=2
  license: BSD-3-Clause
  license_family: BSD
  size: 65964
  timestamp: 1606128757003
- conda: https://conda.anaconda.org/conda-forge/noarch/pysocks-1.7.1-pyha2e5f31_6.tar.bz2
  subdir: osx-64
  sha256: a42f826e958a8d22e65b3394f437af7332610e43ee313393d1cf143f0a2d274b
  md5: 2a7de29fb590ca14b5243c4c812c8025
  depends:
  - __unix
  - python >=3.8
  license: BSD-3-Clause
  license_family: BSD
  size: 18981
  timestamp: 1661604969727
- conda: https://conda.anaconda.org/conda-forge/osx-64/python-3.12.1-h9f0c242_1_cpython.conda
  build_number: 1
  sha256: d55c0875fc6f4228024d1fd0c4fcde8a61fdd4d852a98f3b05f121011a2fd753
  md5: 41d5549764b9f37199e6255e5e9daee6
  depends:
  - bzip2 >=1.0.8,<2.0a0
  - libexpat >=2.5.0,<3.0a0
  - libffi >=3.4,<4.0a0
  - libsqlite >=3.44.2,<4.0a0
  - libzlib >=1.2.13,<1.3.0a0
  - ncurses >=6.4,<7.0a0
  - openssl >=3.2.0,<4.0a0
  - readline >=8.2,<9.0a0
  - tk >=8.6.13,<8.7.0a0
  - tzdata
  - xz >=5.2.6,<6.0a0
  constrains:
  - python_abi 3.12.* *_cp312
  license: Python-2.0
  size: 14537279
  timestamp: 1703319526863
- conda: https://conda.anaconda.org/conda-forge/osx-64/python_abi-3.12-4_cp312.conda
  build_number: 4
  sha256: 82c154d95c1637604671a02a89e72f1382e89a4269265a03506496bd928f6f14
  md5: 87201ac4314b911b74197e588cca3639
  constrains:
  - python 3.12.* *_cpython
  license: BSD-3-Clause
  license_family: BSD
  size: 6496
  timestamp: 1695147498447
- conda: https://conda.anaconda.org/conda-forge/noarch/questionary-2.0.1-pyhd8ed1ab_1.conda
  subdir: osx-64
  sha256: e1b22276ab3a33ed24b606e95099506269c09205278e4174823c51e5e4579eab
  md5: 375950ebdf7945b4d3d57fad0cbe52e6
  depends:
  - prompt_toolkit <=3.0.36,>=2.0
  - python >=3.6
  license: MIT
  license_family: MIT
  size: 29421
  timestamp: 1694359940547
- conda: https://conda.anaconda.org/conda-forge/osx-64/readline-8.2-h9e318b2_1.conda
  sha256: 41e7d30a097d9b060037f0c6a2b1d4c4ae7e942c06c943d23f9d481548478568
  md5: f17f77f2acf4d344734bda76829ce14e
  depends:
  - ncurses >=6.3,<7.0a0
  license: GPL-3.0-only
  license_family: GPL
  size: 255870
  timestamp: 1679532707590
- conda: https://conda.anaconda.org/conda-forge/noarch/requests-2.31.0-pyhd8ed1ab_0.conda
  subdir: osx-64
  sha256: 9f629d6fd3c8ac5f2a198639fe7af87c4db2ac9235279164bfe0fcb49d8c4bad
  md5: a30144e4156cdbb236f99ebb49828f8b
  depends:
  - certifi >=2017.4.17
  - charset-normalizer >=2,<4
  - idna >=2.5,<4
  - python >=3.7
  - urllib3 >=1.21.1,<3
  constrains:
  - chardet >=3.0.2,<6
  license: Apache-2.0
  license_family: APACHE
  size: 56690
  timestamp: 1684774408600
- conda: https://conda.anaconda.org/conda-forge/noarch/rich-12.6.0-pyhd8ed1ab_0.tar.bz2
  subdir: osx-64
  sha256: 0cdb3105d3e50de8b6d9f4aea7e228b4872fb8b066daeb1e51c9519bc92ceffd
  md5: 162ed4cc104133be23e592faa1e055e3
  depends:
  - commonmark >=0.9.0,<0.10.0
  - dataclasses >=0.7,<0.9
  - pygments >=2.6.0,<3.0.0
  - python >=3.6.2
  - typing_extensions >=4.0.0,<5.0.0
  license: MIT
  license_family: MIT
  size: 174557
  timestamp: 1664752667299
- conda: https://conda.anaconda.org/conda-forge/noarch/shellingham-1.5.4-pyhd8ed1ab_0.conda
  subdir: osx-64
  sha256: 3c49a0a101c41b7cf6ac05a1872d7a1f91f1b6d02eecb4a36b605a19517862bb
  md5: d08db09a552699ee9e7eec56b4eb3899
  depends:
  - python >=3.7
  license: MIT
  license_family: MIT
  size: 14568
  timestamp: 1698144516278
- conda: https://conda.anaconda.org/conda-forge/noarch/smmap-5.0.0-pyhd8ed1ab_0.tar.bz2
  subdir: osx-64
  sha256: 23011cb3e064525bdb8787c75126a2e78d2344a72cd6773922006d1da1f2af16
  md5: 62f26a3d1387acee31322208f0cfa3e0
  depends:
  - python >=3.5
  license: BSD-3-Clause
  license_family: BSD
  size: 22483
  timestamp: 1634310465482
- conda: https://conda.anaconda.org/conda-forge/osx-64/tk-8.6.13-h1abcd95_1.conda
  sha256: 30412b2e9de4ff82d8c2a7e5d06a15f4f4fef1809a72138b6ccb53a33b26faf5
  md5: bf830ba5afc507c6232d4ef0fb1a882d
  depends:
  - libzlib >=1.2.13,<1.3.0a0
  license: TCL
  license_family: BSD
  size: 3270220
  timestamp: 1699202389792
- conda: https://conda.anaconda.org/conda-forge/noarch/tomli-2.0.1-pyhd8ed1ab_0.tar.bz2
  subdir: osx-64
  sha256: 4cd48aba7cd026d17e86886af48d0d2ebc67ed36f87f6534f4b67138f5a5a58f
  md5: 5844808ffab9ebdb694585b50ba02a96
  depends:
  - python >=3.7
  license: MIT
  license_family: MIT
  size: 15940
  timestamp: 1644342331069
- conda: https://conda.anaconda.org/conda-forge/noarch/typer-0.9.0-pyhd8ed1ab_0.conda
  subdir: osx-64
  sha256: d395e1e92281abb13e043220ecf8ea973ada8d38a1e8c683df14f46541c64bd2
  md5: 5030a13b2fe5e143d5956d4943d3018f
  depends:
  - click >=7.1.1,<9
  - colorama >=0.4.3,<0.5.0
  - python >=3.6
  - rich >=10.11.0,<14.0.0
  - shellingham >=1.3.0,<2.0.0
  - typing-extensions >=3.7.4.3
  license: MIT
  license_family: MIT
  size: 79064
  timestamp: 1683029411797
- conda: https://conda.anaconda.org/conda-forge/noarch/typing-extensions-4.9.0-hd8ed1ab_0.conda
  subdir: osx-64
  noarch: python
  sha256: d795c1eb1db4ea147f01ece74e5a504d7c2e8d5ee8c11ec987884967dd938f9c
  md5: c16524c1b7227dc80b36b4fa6f77cc86
  depends:
  - typing_extensions 4.9.0 pyha770c72_0
  license: PSF-2.0
  license_family: PSF
  size: 10191
  timestamp: 1702176301116
- conda: https://conda.anaconda.org/conda-forge/noarch/typing_extensions-4.9.0-pyha770c72_0.conda
  subdir: osx-64
  sha256: f3c5be8673bfd905c4665efcb27fa50192f24f84fa8eff2f19cba5d09753d905
  md5: a92a6440c3fe7052d63244f3aba2a4a7
  depends:
  - python >=3.8
  license: PSF-2.0
  license_family: PSF
  size: 36058
  timestamp: 1702176292645
- conda: https://conda.anaconda.org/conda-forge/noarch/tzdata-2024a-h0c530f3_0.conda
  subdir: osx-64
  sha256: 7b2b69c54ec62a243eb6fba2391b5e443421608c3ae5dbff938ad33ca8db5122
  md5: 161081fc7cec0bfda0d86d7cb595f8d8
  license: LicenseRef-Public-Domain
  size: 119815
  timestamp: 1706886945727
- conda: https://conda.anaconda.org/conda-forge/noarch/urllib3-2.2.0-pyhd8ed1ab_0.conda
  subdir: osx-64
  sha256: 61a8a3bd36d235c349aedaf1aa6a79cce15d6fe89dca4bb593b596d0211513c6
  md5: 6a7e0694921f668a030d52f0c47baebd
  depends:
  - brotli-python >=1.0.9
  - pysocks >=1.5.6,<2.0,!=1.5.7
  - python >=3.7
  license: MIT
  license_family: MIT
  size: 94513
  timestamp: 1706638243438
- conda: https://conda.anaconda.org/conda-forge/noarch/wcwidth-0.2.13-pyhd8ed1ab_0.conda
  subdir: osx-64
  sha256: b6cd2fee7e728e620ec736d8dfee29c6c9e2adbd4e695a31f1d8f834a83e57e3
  md5: 68f0738df502a14213624b288c60c9ad
  depends:
  - python >=3.8
  license: MIT
  license_family: MIT
  size: 32709
  timestamp: 1704731373922
- conda: https://conda.anaconda.org/conda-forge/osx-64/xz-5.2.6-h775f41a_0.tar.bz2
  sha256: eb09823f34cc2dd663c0ec4ab13f246f45dcd52e5b8c47b9864361de5204a1c8
  md5: a72f9d4ea13d55d745ff1ed594747f10
  license: LGPL-2.1 and GPL-2.0
  size: 238119
  timestamp: 1660346964847
- conda: https://conda.anaconda.org/conda-forge/osx-64/yarl-1.9.4-py312h41838bb_0.conda
  sha256: 748199e3d7725e8e50c6b3d87066de383a2bedd8248d89dd80c8c6e78f2bc8b9
  md5: 5d15d92a788612cf319ecfac53e0c542
  depends:
  - idna >=2.0
  - multidict >=4.0
  - python >=3.12,<3.13.0a0
  - python_abi 3.12.* *_cp312
  license: Apache-2.0
  license_family: Apache
  size: 111929
  timestamp: 1705508793012
- conda: https://conda.anaconda.org/conda-forge/noarch/zipp-3.17.0-pyhd8ed1ab_0.conda
  subdir: osx-64
  sha256: bced1423fdbf77bca0a735187d05d9b9812d2163f60ab426fc10f11f92ecbe26
  md5: 2e4d6bc0b14e10f895fc6791a7d9b26a
  depends:
  - python >=3.8
  license: MIT
  license_family: MIT
  size: 18954
  timestamp: 1695255262261
